// !$*UTF8*$!
{
	archiveVersion = 1;
	classes = {
	};
	objectVersion = 46;
	objects = {

/* Begin PBXBuildFile section */
		5E8BCC1FAB03E1A516A8F11E /* Pods_Shalk.framework in Frameworks */ = {isa = PBXBuildFile; fileRef = CD49CAB9B1AE9138C94B72A9 /* Pods_Shalk.framework */; };
		B80331041F2A374600F89209 /* ChatListViewController.swift in Sources */ = {isa = PBXBuildFile; fileRef = B80331031F2A374600F89209 /* ChatListViewController.swift */; };
		B80331061F2A374F00F89209 /* ShakeViewController.swift in Sources */ = {isa = PBXBuildFile; fileRef = B80331051F2A374F00F89209 /* ShakeViewController.swift */; };
		B80331081F2A375700F89209 /* ProfileViewController.swift in Sources */ = {isa = PBXBuildFile; fileRef = B80331071F2A375700F89209 /* ProfileViewController.swift */; };
		B803310C1F2A437300F89209 /* MainTabBarController.swift in Sources */ = {isa = PBXBuildFile; fileRef = B803310B1F2A437300F89209 /* MainTabBarController.swift */; };
		B803313E1F2B338200F89209 /* User.swift in Sources */ = {isa = PBXBuildFile; fileRef = B803313B1F2B338200F89209 /* User.swift */; };
		B80331401F2B377B00F89209 /* QBManager.swift in Sources */ = {isa = PBXBuildFile; fileRef = B803313F1F2B377B00F89209 /* QBManager.swift */; };
		B80331451F2B388F00F89209 /* RAMBounceAnimation.swift in Sources */ = {isa = PBXBuildFile; fileRef = B80331421F2B388F00F89209 /* RAMBounceAnimation.swift */; };
		B80331461F2B388F00F89209 /* MagneticExtensions.swift in Sources */ = {isa = PBXBuildFile; fileRef = B80331441F2B388F00F89209 /* MagneticExtensions.swift */; };
		B80331481F2B3E5000F89209 /* Const.swift in Sources */ = {isa = PBXBuildFile; fileRef = B80331471F2B3E5000F89209 /* Const.swift */; };
		B82C6DA01F2BAC5A00C5948D /* ChatTableViewCell.swift in Sources */ = {isa = PBXBuildFile; fileRef = B82C6D9F1F2BAC5A00C5948D /* ChatTableViewCell.swift */; };
		B84968B81F31753200400579 /* ProfileTableViewCell.swift in Sources */ = {isa = PBXBuildFile; fileRef = B84968B71F31753200400579 /* ProfileTableViewCell.swift */; };
		B84968BA1F31753F00400579 /* FriendTableViewCell.swift in Sources */ = {isa = PBXBuildFile; fileRef = B84968B91F31753F00400579 /* FriendTableViewCell.swift */; };
		B872E61D1F29BF91009BD763 /* Main.storyboard in Resources */ = {isa = PBXBuildFile; fileRef = B872E61B1F29BF91009BD763 /* Main.storyboard */; };
		B872E61F1F29BF91009BD763 /* Assets.xcassets in Resources */ = {isa = PBXBuildFile; fileRef = B872E61E1F29BF91009BD763 /* Assets.xcassets */; };
		B872E6221F29BF91009BD763 /* LaunchScreen.storyboard in Resources */ = {isa = PBXBuildFile; fileRef = B872E6201F29BF91009BD763 /* LaunchScreen.storyboard */; };
		B872E6301F29C498009BD763 /* AppDelegate.swift in Sources */ = {isa = PBXBuildFile; fileRef = B872E62B1F29C498009BD763 /* AppDelegate.swift */; };
		B872E6331F29C4F7009BD763 /* LoginViewController.swift in Sources */ = {isa = PBXBuildFile; fileRef = B872E6321F29C4F7009BD763 /* LoginViewController.swift */; };
		B872E6351F29D884009BD763 /* GoogleService-Info.plist in Resources */ = {isa = PBXBuildFile; fileRef = B872E6341F29D884009BD763 /* GoogleService-Info.plist */; };
		B872E6371F29E031009BD763 /* RegisterViewController.swift in Sources */ = {isa = PBXBuildFile; fileRef = B872E6361F29E031009BD763 /* RegisterViewController.swift */; };
		B872E6391F29EB7C009BD763 /* FirebaseManager.swift in Sources */ = {isa = PBXBuildFile; fileRef = B872E6381F29EB7C009BD763 /* FirebaseManager.swift */; };
		B872E63B1F29EEA8009BD763 /* ViewControllerExtensions.swift in Sources */ = {isa = PBXBuildFile; fileRef = B872E63A1F29EEA8009BD763 /* ViewControllerExtensions.swift */; };
		B872E63D1F29F046009BD763 /* AppDelegateExtensions.swift in Sources */ = {isa = PBXBuildFile; fileRef = B872E63C1F29F046009BD763 /* AppDelegateExtensions.swift */; };
		B872E63F1F29FBA4009BD763 /* UserManager.swift in Sources */ = {isa = PBXBuildFile; fileRef = B872E63E1F29FBA4009BD763 /* UserManager.swift */; };
		B89872871F306008007DEDA6 /* AudioChannel.swift in Sources */ = {isa = PBXBuildFile; fileRef = B89872861F306008007DEDA6 /* AudioChannel.swift */; };
		B8D9ECDD1F32F7BE00B9FEED /* Message.swift in Sources */ = {isa = PBXBuildFile; fileRef = B8D9ECDC1F32F7BE00B9FEED /* Message.swift */; };
		B8DB3F101F2E2852006E5A58 /* AudioCallViewController.swift in Sources */ = {isa = PBXBuildFile; fileRef = B8DB3F0F1F2E2852006E5A58 /* AudioCallViewController.swift */; };
		B8DB3F121F2E28AC006E5A58 /* VideoCallViewController.swift in Sources */ = {isa = PBXBuildFile; fileRef = B8DB3F111F2E28AC006E5A58 /* VideoCallViewController.swift */; };
		B8DB3F191F2F0255006E5A58 /* QuickbloxWebRTC.framework in Frameworks */ = {isa = PBXBuildFile; fileRef = B8DB3F171F2F0255006E5A58 /* QuickbloxWebRTC.framework */; };
		B8DB3F1B1F2F0265006E5A58 /* libicucore.tbd in Frameworks */ = {isa = PBXBuildFile; fileRef = B8DB3F1A1F2F0265006E5A58 /* libicucore.tbd */; };
		B8DB3F1D1F2F026D006E5A58 /* libc++.tbd in Frameworks */ = {isa = PBXBuildFile; fileRef = B8DB3F1C1F2F026D006E5A58 /* libc++.tbd */; };
		B8DB3F1F1F2F0274006E5A58 /* libresolv.tbd in Frameworks */ = {isa = PBXBuildFile; fileRef = B8DB3F1E1F2F0274006E5A58 /* libresolv.tbd */; };
		B8DB3F211F2F0279006E5A58 /* libxml2.tbd in Frameworks */ = {isa = PBXBuildFile; fileRef = B8DB3F201F2F0279006E5A58 /* libxml2.tbd */; };
		B8DB3F231F2F027F006E5A58 /* libz.tbd in Frameworks */ = {isa = PBXBuildFile; fileRef = B8DB3F221F2F027F006E5A58 /* libz.tbd */; };
		B8DB3F251F2F0285006E5A58 /* CFNetwork.framework in Frameworks */ = {isa = PBXBuildFile; fileRef = B8DB3F241F2F0285006E5A58 /* CFNetwork.framework */; };
		B8DB3F271F2F028C006E5A58 /* GLKit.framework in Frameworks */ = {isa = PBXBuildFile; fileRef = B8DB3F261F2F028C006E5A58 /* GLKit.framework */; };
		B8DB3F291F2F0292006E5A58 /* MobileCoreServices.framework in Frameworks */ = {isa = PBXBuildFile; fileRef = B8DB3F281F2F0292006E5A58 /* MobileCoreServices.framework */; };
		B8DB3F2B1F2F0297006E5A58 /* SystemConfiguration.framework in Frameworks */ = {isa = PBXBuildFile; fileRef = B8DB3F2A1F2F0297006E5A58 /* SystemConfiguration.framework */; };
		B8DB3F2D1F2F029C006E5A58 /* VideoToolbox.framework in Frameworks */ = {isa = PBXBuildFile; fileRef = B8DB3F2C1F2F029C006E5A58 /* VideoToolbox.framework */; };
		B8DB3F2F1F2F02A2006E5A58 /* Accelerate.framework in Frameworks */ = {isa = PBXBuildFile; fileRef = B8DB3F2E1F2F02A2006E5A58 /* Accelerate.framework */; };
		B8DB3F301F2F02AE006E5A58 /* Quickblox.framework in Frameworks */ = {isa = PBXBuildFile; fileRef = B8DB3F161F2F0255006E5A58 /* Quickblox.framework */; };
		B8DB3F311F2F02AE006E5A58 /* Quickblox.framework in Embed Frameworks */ = {isa = PBXBuildFile; fileRef = B8DB3F161F2F0255006E5A58 /* Quickblox.framework */; settings = {ATTRIBUTES = (CodeSignOnCopy, RemoveHeadersOnCopy, ); }; };
		B8DB3F331F2F02AE006E5A58 /* QuickbloxWebRTC.framework in Embed Frameworks */ = {isa = PBXBuildFile; fileRef = B8DB3F171F2F0255006E5A58 /* QuickbloxWebRTC.framework */; settings = {ATTRIBUTES = (CodeSignOnCopy, RemoveHeadersOnCopy, ); }; };
		B8F1CFEC1F35E0A5003BACF8 /* ChatRoom.swift in Sources */ = {isa = PBXBuildFile; fileRef = B8F1CFEB1F35E0A5003BACF8 /* ChatRoom.swift */; };
/* End PBXBuildFile section */

/* Begin PBXCopyFilesBuildPhase section */
		B8DB3F341F2F02AE006E5A58 /* Embed Frameworks */ = {
			isa = PBXCopyFilesBuildPhase;
			buildActionMask = 2147483647;
			dstPath = "";
			dstSubfolderSpec = 10;
			files = (
				B8DB3F331F2F02AE006E5A58 /* QuickbloxWebRTC.framework in Embed Frameworks */,
				B8DB3F311F2F02AE006E5A58 /* Quickblox.framework in Embed Frameworks */,
			);
			name = "Embed Frameworks";
			runOnlyForDeploymentPostprocessing = 0;
		};
/* End PBXCopyFilesBuildPhase section */

/* Begin PBXFileReference section */
		62B84D84F08A0D2A952A2A78 /* Pods-Shalk.debug.xcconfig */ = {isa = PBXFileReference; includeInIndex = 1; lastKnownFileType = text.xcconfig; name = "Pods-Shalk.debug.xcconfig"; path = "Pods/Target Support Files/Pods-Shalk/Pods-Shalk.debug.xcconfig"; sourceTree = "<group>"; };
		714FEE4C1D66F84E19F1666C /* Pods-Shalk.release.xcconfig */ = {isa = PBXFileReference; includeInIndex = 1; lastKnownFileType = text.xcconfig; name = "Pods-Shalk.release.xcconfig"; path = "Pods/Target Support Files/Pods-Shalk/Pods-Shalk.release.xcconfig"; sourceTree = "<group>"; };
		B80331031F2A374600F89209 /* ChatListViewController.swift */ = {isa = PBXFileReference; fileEncoding = 4; lastKnownFileType = sourcecode.swift; path = ChatListViewController.swift; sourceTree = "<group>"; };
		B80331051F2A374F00F89209 /* ShakeViewController.swift */ = {isa = PBXFileReference; fileEncoding = 4; lastKnownFileType = sourcecode.swift; path = ShakeViewController.swift; sourceTree = "<group>"; };
		B80331071F2A375700F89209 /* ProfileViewController.swift */ = {isa = PBXFileReference; fileEncoding = 4; lastKnownFileType = sourcecode.swift; path = ProfileViewController.swift; sourceTree = "<group>"; };
		B803310B1F2A437300F89209 /* MainTabBarController.swift */ = {isa = PBXFileReference; fileEncoding = 4; lastKnownFileType = sourcecode.swift; path = MainTabBarController.swift; sourceTree = "<group>"; };
		B803313B1F2B338200F89209 /* User.swift */ = {isa = PBXFileReference; fileEncoding = 4; lastKnownFileType = sourcecode.swift; path = User.swift; sourceTree = "<group>"; };
		B803313F1F2B377B00F89209 /* QBManager.swift */ = {isa = PBXFileReference; fileEncoding = 4; lastKnownFileType = sourcecode.swift; path = QBManager.swift; sourceTree = "<group>"; };
		B80331421F2B388F00F89209 /* RAMBounceAnimation.swift */ = {isa = PBXFileReference; fileEncoding = 4; lastKnownFileType = sourcecode.swift; path = RAMBounceAnimation.swift; sourceTree = "<group>"; };
		B80331441F2B388F00F89209 /* MagneticExtensions.swift */ = {isa = PBXFileReference; fileEncoding = 4; lastKnownFileType = sourcecode.swift; path = MagneticExtensions.swift; sourceTree = "<group>"; };
		B80331471F2B3E5000F89209 /* Const.swift */ = {isa = PBXFileReference; fileEncoding = 4; lastKnownFileType = sourcecode.swift; path = Const.swift; sourceTree = "<group>"; };
		B82C6D9F1F2BAC5A00C5948D /* ChatTableViewCell.swift */ = {isa = PBXFileReference; fileEncoding = 4; lastKnownFileType = sourcecode.swift; path = ChatTableViewCell.swift; sourceTree = "<group>"; };
		B84968B71F31753200400579 /* ProfileTableViewCell.swift */ = {isa = PBXFileReference; fileEncoding = 4; lastKnownFileType = sourcecode.swift; path = ProfileTableViewCell.swift; sourceTree = "<group>"; };
		B84968B91F31753F00400579 /* FriendTableViewCell.swift */ = {isa = PBXFileReference; fileEncoding = 4; lastKnownFileType = sourcecode.swift; path = FriendTableViewCell.swift; sourceTree = "<group>"; };
		B872E6141F29BF91009BD763 /* Shalk.app */ = {isa = PBXFileReference; explicitFileType = wrapper.application; includeInIndex = 0; path = Shalk.app; sourceTree = BUILT_PRODUCTS_DIR; };
		B872E61C1F29BF91009BD763 /* Base */ = {isa = PBXFileReference; lastKnownFileType = file.storyboard; name = Base; path = Base.lproj/Main.storyboard; sourceTree = "<group>"; };
		B872E61E1F29BF91009BD763 /* Assets.xcassets */ = {isa = PBXFileReference; lastKnownFileType = folder.assetcatalog; path = Assets.xcassets; sourceTree = "<group>"; };
		B872E6211F29BF91009BD763 /* Base */ = {isa = PBXFileReference; lastKnownFileType = file.storyboard; name = Base; path = Base.lproj/LaunchScreen.storyboard; sourceTree = "<group>"; };
		B872E6231F29BF91009BD763 /* Info.plist */ = {isa = PBXFileReference; lastKnownFileType = text.plist.xml; path = Info.plist; sourceTree = "<group>"; };
		B872E62B1F29C498009BD763 /* AppDelegate.swift */ = {isa = PBXFileReference; fileEncoding = 4; lastKnownFileType = sourcecode.swift; path = AppDelegate.swift; sourceTree = "<group>"; };
		B872E6321F29C4F7009BD763 /* LoginViewController.swift */ = {isa = PBXFileReference; fileEncoding = 4; lastKnownFileType = sourcecode.swift; path = LoginViewController.swift; sourceTree = "<group>"; };
		B872E6341F29D884009BD763 /* GoogleService-Info.plist */ = {isa = PBXFileReference; fileEncoding = 4; lastKnownFileType = text.plist.xml; path = "GoogleService-Info.plist"; sourceTree = "<group>"; };
		B872E6361F29E031009BD763 /* RegisterViewController.swift */ = {isa = PBXFileReference; fileEncoding = 4; lastKnownFileType = sourcecode.swift; path = RegisterViewController.swift; sourceTree = "<group>"; };
		B872E6381F29EB7C009BD763 /* FirebaseManager.swift */ = {isa = PBXFileReference; fileEncoding = 4; lastKnownFileType = sourcecode.swift; path = FirebaseManager.swift; sourceTree = "<group>"; };
		B872E63A1F29EEA8009BD763 /* ViewControllerExtensions.swift */ = {isa = PBXFileReference; fileEncoding = 4; lastKnownFileType = sourcecode.swift; path = ViewControllerExtensions.swift; sourceTree = "<group>"; };
		B872E63C1F29F046009BD763 /* AppDelegateExtensions.swift */ = {isa = PBXFileReference; fileEncoding = 4; lastKnownFileType = sourcecode.swift; path = AppDelegateExtensions.swift; sourceTree = "<group>"; };
		B872E63E1F29FBA4009BD763 /* UserManager.swift */ = {isa = PBXFileReference; fileEncoding = 4; lastKnownFileType = sourcecode.swift; path = UserManager.swift; sourceTree = "<group>"; };
		B89872861F306008007DEDA6 /* AudioChannel.swift */ = {isa = PBXFileReference; fileEncoding = 4; lastKnownFileType = sourcecode.swift; path = AudioChannel.swift; sourceTree = "<group>"; };
		B8D9ECDC1F32F7BE00B9FEED /* Message.swift */ = {isa = PBXFileReference; fileEncoding = 4; lastKnownFileType = sourcecode.swift; path = Message.swift; sourceTree = "<group>"; };
		B8DB3F0F1F2E2852006E5A58 /* AudioCallViewController.swift */ = {isa = PBXFileReference; fileEncoding = 4; lastKnownFileType = sourcecode.swift; path = AudioCallViewController.swift; sourceTree = "<group>"; };
		B8DB3F111F2E28AC006E5A58 /* VideoCallViewController.swift */ = {isa = PBXFileReference; fileEncoding = 4; lastKnownFileType = sourcecode.swift; path = VideoCallViewController.swift; sourceTree = "<group>"; };
		B8DB3F151F2F0237006E5A58 /* PrefixHeader.pch */ = {isa = PBXFileReference; fileEncoding = 4; lastKnownFileType = sourcecode.c.h; path = PrefixHeader.pch; sourceTree = "<group>"; };
		B8DB3F161F2F0255006E5A58 /* Quickblox.framework */ = {isa = PBXFileReference; lastKnownFileType = wrapper.framework; path = Quickblox.framework; sourceTree = "<group>"; };
		B8DB3F171F2F0255006E5A58 /* QuickbloxWebRTC.framework */ = {isa = PBXFileReference; lastKnownFileType = wrapper.framework; path = QuickbloxWebRTC.framework; sourceTree = "<group>"; };
		B8DB3F1A1F2F0265006E5A58 /* libicucore.tbd */ = {isa = PBXFileReference; lastKnownFileType = "sourcecode.text-based-dylib-definition"; name = libicucore.tbd; path = usr/lib/libicucore.tbd; sourceTree = SDKROOT; };
		B8DB3F1C1F2F026D006E5A58 /* libc++.tbd */ = {isa = PBXFileReference; lastKnownFileType = "sourcecode.text-based-dylib-definition"; name = "libc++.tbd"; path = "usr/lib/libc++.tbd"; sourceTree = SDKROOT; };
		B8DB3F1E1F2F0274006E5A58 /* libresolv.tbd */ = {isa = PBXFileReference; lastKnownFileType = "sourcecode.text-based-dylib-definition"; name = libresolv.tbd; path = usr/lib/libresolv.tbd; sourceTree = SDKROOT; };
		B8DB3F201F2F0279006E5A58 /* libxml2.tbd */ = {isa = PBXFileReference; lastKnownFileType = "sourcecode.text-based-dylib-definition"; name = libxml2.tbd; path = usr/lib/libxml2.tbd; sourceTree = SDKROOT; };
		B8DB3F221F2F027F006E5A58 /* libz.tbd */ = {isa = PBXFileReference; lastKnownFileType = "sourcecode.text-based-dylib-definition"; name = libz.tbd; path = usr/lib/libz.tbd; sourceTree = SDKROOT; };
		B8DB3F241F2F0285006E5A58 /* CFNetwork.framework */ = {isa = PBXFileReference; lastKnownFileType = wrapper.framework; name = CFNetwork.framework; path = System/Library/Frameworks/CFNetwork.framework; sourceTree = SDKROOT; };
		B8DB3F261F2F028C006E5A58 /* GLKit.framework */ = {isa = PBXFileReference; lastKnownFileType = wrapper.framework; name = GLKit.framework; path = System/Library/Frameworks/GLKit.framework; sourceTree = SDKROOT; };
		B8DB3F281F2F0292006E5A58 /* MobileCoreServices.framework */ = {isa = PBXFileReference; lastKnownFileType = wrapper.framework; name = MobileCoreServices.framework; path = System/Library/Frameworks/MobileCoreServices.framework; sourceTree = SDKROOT; };
		B8DB3F2A1F2F0297006E5A58 /* SystemConfiguration.framework */ = {isa = PBXFileReference; lastKnownFileType = wrapper.framework; name = SystemConfiguration.framework; path = System/Library/Frameworks/SystemConfiguration.framework; sourceTree = SDKROOT; };
		B8DB3F2C1F2F029C006E5A58 /* VideoToolbox.framework */ = {isa = PBXFileReference; lastKnownFileType = wrapper.framework; name = VideoToolbox.framework; path = System/Library/Frameworks/VideoToolbox.framework; sourceTree = SDKROOT; };
		B8DB3F2E1F2F02A2006E5A58 /* Accelerate.framework */ = {isa = PBXFileReference; lastKnownFileType = wrapper.framework; name = Accelerate.framework; path = System/Library/Frameworks/Accelerate.framework; sourceTree = SDKROOT; };
		B8F1CFEB1F35E0A5003BACF8 /* ChatRoom.swift */ = {isa = PBXFileReference; fileEncoding = 4; lastKnownFileType = sourcecode.swift; path = ChatRoom.swift; sourceTree = "<group>"; };
		CD49CAB9B1AE9138C94B72A9 /* Pods_Shalk.framework */ = {isa = PBXFileReference; explicitFileType = wrapper.framework; includeInIndex = 0; path = Pods_Shalk.framework; sourceTree = BUILT_PRODUCTS_DIR; };
/* End PBXFileReference section */

/* Begin PBXFrameworksBuildPhase section */
		B872E6111F29BF91009BD763 /* Frameworks */ = {
			isa = PBXFrameworksBuildPhase;
			buildActionMask = 2147483647;
			files = (
				B8DB3F2F1F2F02A2006E5A58 /* Accelerate.framework in Frameworks */,
				B8DB3F2D1F2F029C006E5A58 /* VideoToolbox.framework in Frameworks */,
				B8DB3F2B1F2F0297006E5A58 /* SystemConfiguration.framework in Frameworks */,
				B8DB3F291F2F0292006E5A58 /* MobileCoreServices.framework in Frameworks */,
				B8DB3F271F2F028C006E5A58 /* GLKit.framework in Frameworks */,
				B8DB3F251F2F0285006E5A58 /* CFNetwork.framework in Frameworks */,
				B8DB3F231F2F027F006E5A58 /* libz.tbd in Frameworks */,
				B8DB3F211F2F0279006E5A58 /* libxml2.tbd in Frameworks */,
				B8DB3F1F1F2F0274006E5A58 /* libresolv.tbd in Frameworks */,
				B8DB3F1D1F2F026D006E5A58 /* libc++.tbd in Frameworks */,
				B8DB3F1B1F2F0265006E5A58 /* libicucore.tbd in Frameworks */,
				B8DB3F301F2F02AE006E5A58 /* Quickblox.framework in Frameworks */,
				B8DB3F191F2F0255006E5A58 /* QuickbloxWebRTC.framework in Frameworks */,
				5E8BCC1FAB03E1A516A8F11E /* Pods_Shalk.framework in Frameworks */,
			);
			runOnlyForDeploymentPostprocessing = 0;
		};
/* End PBXFrameworksBuildPhase section */

/* Begin PBXGroup section */
		33A6B763CE8404E31BA26C2C /* Frameworks */ = {
			isa = PBXGroup;
			children = (
				B8DB3F2E1F2F02A2006E5A58 /* Accelerate.framework */,
				B8DB3F2C1F2F029C006E5A58 /* VideoToolbox.framework */,
				B8DB3F2A1F2F0297006E5A58 /* SystemConfiguration.framework */,
				B8DB3F281F2F0292006E5A58 /* MobileCoreServices.framework */,
				B8DB3F261F2F028C006E5A58 /* GLKit.framework */,
				B8DB3F241F2F0285006E5A58 /* CFNetwork.framework */,
				B8DB3F221F2F027F006E5A58 /* libz.tbd */,
				B8DB3F201F2F0279006E5A58 /* libxml2.tbd */,
				B8DB3F1E1F2F0274006E5A58 /* libresolv.tbd */,
				B8DB3F1C1F2F026D006E5A58 /* libc++.tbd */,
				B8DB3F1A1F2F0265006E5A58 /* libicucore.tbd */,
				B8DB3F161F2F0255006E5A58 /* Quickblox.framework */,
				B8DB3F171F2F0255006E5A58 /* QuickbloxWebRTC.framework */,
				CD49CAB9B1AE9138C94B72A9 /* Pods_Shalk.framework */,
			);
			name = Frameworks;
			sourceTree = "<group>";
		};
		A12B4203998B282BB4ACAE23 /* Pods */ = {
			isa = PBXGroup;
			children = (
				62B84D84F08A0D2A952A2A78 /* Pods-Shalk.debug.xcconfig */,
				714FEE4C1D66F84E19F1666C /* Pods-Shalk.release.xcconfig */,
			);
			name = Pods;
			sourceTree = "<group>";
		};
		B803313A1F2B338200F89209 /* Structures */ = {
			isa = PBXGroup;
			children = (
				B803313B1F2B338200F89209 /* User.swift */,
				B89872861F306008007DEDA6 /* AudioChannel.swift */,
				B8D9ECDC1F32F7BE00B9FEED /* Message.swift */,
				B8F1CFEB1F35E0A5003BACF8 /* ChatRoom.swift */,
			);
			name = Structures;
			path = Shalk/Structures;
			sourceTree = "<group>";
		};
		B80331411F2B388F00F89209 /* BounceAnimationExtenstions */ = {
			isa = PBXGroup;
			children = (
				B80331421F2B388F00F89209 /* RAMBounceAnimation.swift */,
			);
			name = BounceAnimationExtenstions;
			path = Shalk/BounceAnimationExtenstions;
			sourceTree = "<group>";
		};
		B80331431F2B388F00F89209 /* MagneticExtensions */ = {
			isa = PBXGroup;
			children = (
				B80331441F2B388F00F89209 /* MagneticExtensions.swift */,
			);
			name = MagneticExtensions;
			path = Shalk/MagneticExtensions;
			sourceTree = "<group>";
		};
		B872E60B1F29BF91009BD763 = {
			isa = PBXGroup;
			children = (
				B872E6161F29BF91009BD763 /* Shalk */,
				B80331411F2B388F00F89209 /* BounceAnimationExtenstions */,
				B80331431F2B388F00F89209 /* MagneticExtensions */,
				B803313A1F2B338200F89209 /* Structures */,
				B872E6151F29BF91009BD763 /* Products */,
				A12B4203998B282BB4ACAE23 /* Pods */,
				33A6B763CE8404E31BA26C2C /* Frameworks */,
			);
			sourceTree = "<group>";
		};
		B872E6151F29BF91009BD763 /* Products */ = {
			isa = PBXGroup;
			children = (
				B872E6141F29BF91009BD763 /* Shalk.app */,
			);
			name = Products;
			sourceTree = "<group>";
		};
		B872E6161F29BF91009BD763 /* Shalk */ = {
			isa = PBXGroup;
			children = (
				B872E62A1F29C498009BD763 /* AppDelegate */,
				B872E62C1F29C498009BD763 /* Model */,
				B872E62D1F29C498009BD763 /* View */,
				B872E62E1F29C498009BD763 /* ViewController */,
				B872E61B1F29BF91009BD763 /* Main.storyboard */,
				B872E61E1F29BF91009BD763 /* Assets.xcassets */,
				B872E6201F29BF91009BD763 /* LaunchScreen.storyboard */,
				B872E6231F29BF91009BD763 /* Info.plist */,
				B872E6341F29D884009BD763 /* GoogleService-Info.plist */,
				B8DB3F151F2F0237006E5A58 /* PrefixHeader.pch */,
			);
			path = Shalk;
			sourceTree = "<group>";
		};
		B872E62A1F29C498009BD763 /* AppDelegate */ = {
			isa = PBXGroup;
			children = (
				B872E62B1F29C498009BD763 /* AppDelegate.swift */,
				B872E63C1F29F046009BD763 /* AppDelegateExtensions.swift */,
			);
			path = AppDelegate;
			sourceTree = "<group>";
		};
		B872E62C1F29C498009BD763 /* Model */ = {
			isa = PBXGroup;
			children = (
				B872E6381F29EB7C009BD763 /* FirebaseManager.swift */,
				B872E63E1F29FBA4009BD763 /* UserManager.swift */,
				B803313F1F2B377B00F89209 /* QBManager.swift */,
				B80331471F2B3E5000F89209 /* Const.swift */,
			);
			path = Model;
			sourceTree = "<group>";
		};
		B872E62D1F29C498009BD763 /* View */ = {
			isa = PBXGroup;
			children = (
				B82C6D9F1F2BAC5A00C5948D /* ChatTableViewCell.swift */,
				B84968B71F31753200400579 /* ProfileTableViewCell.swift */,
				B84968B91F31753F00400579 /* FriendTableViewCell.swift */,
			);
			path = View;
			sourceTree = "<group>";
		};
		B872E62E1F29C498009BD763 /* ViewController */ = {
			isa = PBXGroup;
			children = (
				B872E6321F29C4F7009BD763 /* LoginViewController.swift */,
				B872E6361F29E031009BD763 /* RegisterViewController.swift */,
				B872E63A1F29EEA8009BD763 /* ViewControllerExtensions.swift */,
				B80331031F2A374600F89209 /* ChatListViewController.swift */,
				B80331051F2A374F00F89209 /* ShakeViewController.swift */,
				B803310B1F2A437300F89209 /* MainTabBarController.swift */,
				B80331071F2A375700F89209 /* ProfileViewController.swift */,
				B8DB3F0F1F2E2852006E5A58 /* AudioCallViewController.swift */,
				B8DB3F111F2E28AC006E5A58 /* VideoCallViewController.swift */,
			);
			path = ViewController;
			sourceTree = "<group>";
		};
/* End PBXGroup section */

/* Begin PBXNativeTarget section */
		B872E6131F29BF91009BD763 /* Shalk */ = {
			isa = PBXNativeTarget;
			buildConfigurationList = B872E6261F29BF91009BD763 /* Build configuration list for PBXNativeTarget "Shalk" */;
			buildPhases = (
				52B603C2D702EB56DCD28A78 /* [CP] Check Pods Manifest.lock */,
				B872E6101F29BF91009BD763 /* Sources */,
				B872E6111F29BF91009BD763 /* Frameworks */,
				B872E6121F29BF91009BD763 /* Resources */,
				69E1AB00D71316EC450229B3 /* [CP] Embed Pods Frameworks */,
				566107CBC1F5AEC70C8A0369 /* [CP] Copy Pods Resources */,
				B872E6291F29C1FB009BD763 /* swiftlint */,
				B8DB3F341F2F02AE006E5A58 /* Embed Frameworks */,
			);
			buildRules = (
			);
			dependencies = (
			);
			name = Shalk;
			productName = Shalk;
			productReference = B872E6141F29BF91009BD763 /* Shalk.app */;
			productType = "com.apple.product-type.application";
		};
/* End PBXNativeTarget section */

/* Begin PBXProject section */
		B872E60C1F29BF91009BD763 /* Project object */ = {
			isa = PBXProject;
			attributes = {
				LastSwiftUpdateCheck = 0830;
				LastUpgradeCheck = 0830;
				ORGANIZATIONNAME = nicklee;
				TargetAttributes = {
					B872E6131F29BF91009BD763 = {
						CreatedOnToolsVersion = 8.3.3;
						DevelopmentTeam = EQ43V2KPAV;
						ProvisioningStyle = Automatic;
					};
				};
			};
			buildConfigurationList = B872E60F1F29BF91009BD763 /* Build configuration list for PBXProject "Shalk" */;
			compatibilityVersion = "Xcode 3.2";
			developmentRegion = English;
			hasScannedForEncodings = 0;
			knownRegions = (
				en,
				Base,
			);
			mainGroup = B872E60B1F29BF91009BD763;
			productRefGroup = B872E6151F29BF91009BD763 /* Products */;
			projectDirPath = "";
			projectRoot = "";
			targets = (
				B872E6131F29BF91009BD763 /* Shalk */,
			);
		};
/* End PBXProject section */

/* Begin PBXResourcesBuildPhase section */
		B872E6121F29BF91009BD763 /* Resources */ = {
			isa = PBXResourcesBuildPhase;
			buildActionMask = 2147483647;
			files = (
				B872E6221F29BF91009BD763 /* LaunchScreen.storyboard in Resources */,
				B872E6351F29D884009BD763 /* GoogleService-Info.plist in Resources */,
				B872E61F1F29BF91009BD763 /* Assets.xcassets in Resources */,
				B872E61D1F29BF91009BD763 /* Main.storyboard in Resources */,
			);
			runOnlyForDeploymentPostprocessing = 0;
		};
/* End PBXResourcesBuildPhase section */

/* Begin PBXShellScriptBuildPhase section */
		52B603C2D702EB56DCD28A78 /* [CP] Check Pods Manifest.lock */ = {
			isa = PBXShellScriptBuildPhase;
			buildActionMask = 2147483647;
			files = (
			);
			inputPaths = (
			);
			name = "[CP] Check Pods Manifest.lock";
			outputPaths = (
			);
			runOnlyForDeploymentPostprocessing = 0;
			shellPath = /bin/sh;
			shellScript = "diff \"${PODS_ROOT}/../Podfile.lock\" \"${PODS_ROOT}/Manifest.lock\" > /dev/null\nif [ $? != 0 ] ; then\n    # print error to STDERR\n    echo \"error: The sandbox is not in sync with the Podfile.lock. Run 'pod install' or update your CocoaPods installation.\" >&2\n    exit 1\nfi\n";
			showEnvVarsInLog = 0;
		};
		566107CBC1F5AEC70C8A0369 /* [CP] Copy Pods Resources */ = {
			isa = PBXShellScriptBuildPhase;
			buildActionMask = 2147483647;
			files = (
			);
			inputPaths = (
			);
			name = "[CP] Copy Pods Resources";
			outputPaths = (
			);
			runOnlyForDeploymentPostprocessing = 0;
			shellPath = /bin/sh;
			shellScript = "\"${SRCROOT}/Pods/Target Support Files/Pods-Shalk/Pods-Shalk-resources.sh\"\n";
			showEnvVarsInLog = 0;
		};
		69E1AB00D71316EC450229B3 /* [CP] Embed Pods Frameworks */ = {
			isa = PBXShellScriptBuildPhase;
			buildActionMask = 2147483647;
			files = (
			);
			inputPaths = (
			);
			name = "[CP] Embed Pods Frameworks";
			outputPaths = (
			);
			runOnlyForDeploymentPostprocessing = 0;
			shellPath = /bin/sh;
			shellScript = "\"${SRCROOT}/Pods/Target Support Files/Pods-Shalk/Pods-Shalk-frameworks.sh\"\n";
			showEnvVarsInLog = 0;
		};
		B872E6291F29C1FB009BD763 /* swiftlint */ = {
			isa = PBXShellScriptBuildPhase;
			buildActionMask = 2147483647;
			files = (
			);
			inputPaths = (
			);
			name = swiftlint;
			outputPaths = (
			);
			runOnlyForDeploymentPostprocessing = 0;
			shellPath = /bin/sh;
			shellScript = "if which swiftlint >/dev/null; then\nswiftlint\nelse\necho \"warning: SwiftLint not installed, download from https://github.com/realm/SwiftLint\"\nfi";
		};
/* End PBXShellScriptBuildPhase section */

/* Begin PBXSourcesBuildPhase section */
		B872E6101F29BF91009BD763 /* Sources */ = {
			isa = PBXSourcesBuildPhase;
			buildActionMask = 2147483647;
			files = (
				B872E6391F29EB7C009BD763 /* FirebaseManager.swift in Sources */,
				B8DB3F101F2E2852006E5A58 /* AudioCallViewController.swift in Sources */,
				B89872871F306008007DEDA6 /* AudioChannel.swift in Sources */,
				B84968B81F31753200400579 /* ProfileTableViewCell.swift in Sources */,
				B80331451F2B388F00F89209 /* RAMBounceAnimation.swift in Sources */,
				B803310C1F2A437300F89209 /* MainTabBarController.swift in Sources */,
				B8D9ECDD1F32F7BE00B9FEED /* Message.swift in Sources */,
				B872E6371F29E031009BD763 /* RegisterViewController.swift in Sources */,
				B8DB3F121F2E28AC006E5A58 /* VideoCallViewController.swift in Sources */,
				B872E63D1F29F046009BD763 /* AppDelegateExtensions.swift in Sources */,
				B872E63F1F29FBA4009BD763 /* UserManager.swift in Sources */,
				B872E6331F29C4F7009BD763 /* LoginViewController.swift in Sources */,
				B80331081F2A375700F89209 /* ProfileViewController.swift in Sources */,
				B8F1CFEC1F35E0A5003BACF8 /* ChatRoom.swift in Sources */,
				B872E63B1F29EEA8009BD763 /* ViewControllerExtensions.swift in Sources */,
				B80331041F2A374600F89209 /* ChatListViewController.swift in Sources */,
				B803313E1F2B338200F89209 /* User.swift in Sources */,
				B872E6301F29C498009BD763 /* AppDelegate.swift in Sources */,
				B82C6DA01F2BAC5A00C5948D /* ChatTableViewCell.swift in Sources */,
				B84968BA1F31753F00400579 /* FriendTableViewCell.swift in Sources */,
				B80331401F2B377B00F89209 /* QBManager.swift in Sources */,
				B80331481F2B3E5000F89209 /* Const.swift in Sources */,
				B80331061F2A374F00F89209 /* ShakeViewController.swift in Sources */,
				B80331461F2B388F00F89209 /* MagneticExtensions.swift in Sources */,
			);
			runOnlyForDeploymentPostprocessing = 0;
		};
/* End PBXSourcesBuildPhase section */

/* Begin PBXVariantGroup section */
		B872E61B1F29BF91009BD763 /* Main.storyboard */ = {
			isa = PBXVariantGroup;
			children = (
				B872E61C1F29BF91009BD763 /* Base */,
			);
			name = Main.storyboard;
			sourceTree = "<group>";
		};
		B872E6201F29BF91009BD763 /* LaunchScreen.storyboard */ = {
			isa = PBXVariantGroup;
			children = (
				B872E6211F29BF91009BD763 /* Base */,
			);
			name = LaunchScreen.storyboard;
			sourceTree = "<group>";
		};
/* End PBXVariantGroup section */

/* Begin XCBuildConfiguration section */
		B872E6241F29BF91009BD763 /* Debug */ = {
			isa = XCBuildConfiguration;
			buildSettings = {
				ALWAYS_SEARCH_USER_PATHS = NO;
				CLANG_ANALYZER_NONNULL = YES;
				CLANG_ANALYZER_NUMBER_OBJECT_CONVERSION = YES_AGGRESSIVE;
				CLANG_CXX_LANGUAGE_STANDARD = "gnu++0x";
				CLANG_CXX_LIBRARY = "libc++";
				CLANG_ENABLE_MODULES = YES;
				CLANG_ENABLE_OBJC_ARC = YES;
				CLANG_WARN_BOOL_CONVERSION = YES;
				CLANG_WARN_CONSTANT_CONVERSION = YES;
				CLANG_WARN_DIRECT_OBJC_ISA_USAGE = YES_ERROR;
				CLANG_WARN_DOCUMENTATION_COMMENTS = YES;
				CLANG_WARN_EMPTY_BODY = YES;
				CLANG_WARN_ENUM_CONVERSION = YES;
				CLANG_WARN_INFINITE_RECURSION = YES;
				CLANG_WARN_INT_CONVERSION = YES;
				CLANG_WARN_OBJC_ROOT_CLASS = YES_ERROR;
				CLANG_WARN_SUSPICIOUS_MOVE = YES;
				CLANG_WARN_UNREACHABLE_CODE = YES;
				CLANG_WARN__DUPLICATE_METHOD_MATCH = YES;
				"CODE_SIGN_IDENTITY[sdk=iphoneos*]" = "iPhone Developer";
				COPY_PHASE_STRIP = NO;
				DEBUG_INFORMATION_FORMAT = dwarf;
				ENABLE_STRICT_OBJC_MSGSEND = YES;
				ENABLE_TESTABILITY = YES;
				GCC_C_LANGUAGE_STANDARD = gnu99;
				GCC_DYNAMIC_NO_PIC = NO;
				GCC_NO_COMMON_BLOCKS = YES;
				GCC_OPTIMIZATION_LEVEL = 0;
				GCC_PREPROCESSOR_DEFINITIONS = (
					"DEBUG=1",
					"$(inherited)",
				);
				GCC_WARN_64_TO_32_BIT_CONVERSION = YES;
				GCC_WARN_ABOUT_RETURN_TYPE = YES_ERROR;
				GCC_WARN_UNDECLARED_SELECTOR = YES;
				GCC_WARN_UNINITIALIZED_AUTOS = YES_AGGRESSIVE;
				GCC_WARN_UNUSED_FUNCTION = YES;
				GCC_WARN_UNUSED_VARIABLE = YES;
				IPHONEOS_DEPLOYMENT_TARGET = 10.3;
				MTL_ENABLE_DEBUG_INFO = YES;
				ONLY_ACTIVE_ARCH = YES;
				SDKROOT = iphoneos;
				SWIFT_ACTIVE_COMPILATION_CONDITIONS = DEBUG;
				SWIFT_OPTIMIZATION_LEVEL = "-Onone";
			};
			name = Debug;
		};
		B872E6251F29BF91009BD763 /* Release */ = {
			isa = XCBuildConfiguration;
			buildSettings = {
				ALWAYS_SEARCH_USER_PATHS = NO;
				CLANG_ANALYZER_NONNULL = YES;
				CLANG_ANALYZER_NUMBER_OBJECT_CONVERSION = YES_AGGRESSIVE;
				CLANG_CXX_LANGUAGE_STANDARD = "gnu++0x";
				CLANG_CXX_LIBRARY = "libc++";
				CLANG_ENABLE_MODULES = YES;
				CLANG_ENABLE_OBJC_ARC = YES;
				CLANG_WARN_BOOL_CONVERSION = YES;
				CLANG_WARN_CONSTANT_CONVERSION = YES;
				CLANG_WARN_DIRECT_OBJC_ISA_USAGE = YES_ERROR;
				CLANG_WARN_DOCUMENTATION_COMMENTS = YES;
				CLANG_WARN_EMPTY_BODY = YES;
				CLANG_WARN_ENUM_CONVERSION = YES;
				CLANG_WARN_INFINITE_RECURSION = YES;
				CLANG_WARN_INT_CONVERSION = YES;
				CLANG_WARN_OBJC_ROOT_CLASS = YES_ERROR;
				CLANG_WARN_SUSPICIOUS_MOVE = YES;
				CLANG_WARN_UNREACHABLE_CODE = YES;
				CLANG_WARN__DUPLICATE_METHOD_MATCH = YES;
				"CODE_SIGN_IDENTITY[sdk=iphoneos*]" = "iPhone Developer";
				COPY_PHASE_STRIP = NO;
				DEBUG_INFORMATION_FORMAT = "dwarf-with-dsym";
				ENABLE_NS_ASSERTIONS = NO;
				ENABLE_STRICT_OBJC_MSGSEND = YES;
				GCC_C_LANGUAGE_STANDARD = gnu99;
				GCC_NO_COMMON_BLOCKS = YES;
				GCC_WARN_64_TO_32_BIT_CONVERSION = YES;
				GCC_WARN_ABOUT_RETURN_TYPE = YES_ERROR;
				GCC_WARN_UNDECLARED_SELECTOR = YES;
				GCC_WARN_UNINITIALIZED_AUTOS = YES_AGGRESSIVE;
				GCC_WARN_UNUSED_FUNCTION = YES;
				GCC_WARN_UNUSED_VARIABLE = YES;
				IPHONEOS_DEPLOYMENT_TARGET = 10.3;
				MTL_ENABLE_DEBUG_INFO = NO;
				SDKROOT = iphoneos;
				SWIFT_OPTIMIZATION_LEVEL = "-Owholemodule";
				VALIDATE_PRODUCT = YES;
			};
			name = Release;
		};
		B872E6271F29BF91009BD763 /* Debug */ = {
			isa = XCBuildConfiguration;
			baseConfigurationReference = 62B84D84F08A0D2A952A2A78 /* Pods-Shalk.debug.xcconfig */;
			buildSettings = {
				ASSETCATALOG_COMPILER_APPICON_NAME = AppIcon;
				DEVELOPMENT_TEAM = EQ43V2KPAV;
				FRAMEWORK_SEARCH_PATHS = (
					"$(inherited)",
					"$(PROJECT_DIR)",
				);
				INFOPLIST_FILE = Shalk/Info.plist;
				IPHONEOS_DEPLOYMENT_TARGET = 10.3;
				LD_RUNPATH_SEARCH_PATHS = "$(inherited) @executable_path/Frameworks";
				PRODUCT_BUNDLE_IDENTIFIER = com.nicklee.Shalk;
				PRODUCT_NAME = "$(TARGET_NAME)";
				SWIFT_VERSION = 3.0;
			};
			name = Debug;
		};
		B872E6281F29BF91009BD763 /* Release */ = {
			isa = XCBuildConfiguration;
			baseConfigurationReference = 714FEE4C1D66F84E19F1666C /* Pods-Shalk.release.xcconfig */;
			buildSettings = {
				ASSETCATALOG_COMPILER_APPICON_NAME = AppIcon;
				DEVELOPMENT_TEAM = EQ43V2KPAV;
				FRAMEWORK_SEARCH_PATHS = (
					"$(inherited)",
					"$(PROJECT_DIR)",
				);
				INFOPLIST_FILE = Shalk/Info.plist;
				IPHONEOS_DEPLOYMENT_TARGET = 10.3;
				LD_RUNPATH_SEARCH_PATHS = "$(inherited) @executable_path/Frameworks";
				PRODUCT_BUNDLE_IDENTIFIER = com.nicklee.Shalk;
				PRODUCT_NAME = "$(TARGET_NAME)";
				SWIFT_VERSION = 3.0;
			};
			name = Release;
		};
/* End XCBuildConfiguration section */

/* Begin XCConfigurationList section */
		B872E60F1F29BF91009BD763 /* Build configuration list for PBXProject "Shalk" */ = {
			isa = XCConfigurationList;
			buildConfigurations = (
				B872E6241F29BF91009BD763 /* Debug */,
				B872E6251F29BF91009BD763 /* Release */,
			);
			defaultConfigurationIsVisible = 0;
			defaultConfigurationName = Release;
		};
		B872E6261F29BF91009BD763 /* Build configuration list for PBXNativeTarget "Shalk" */ = {
			isa = XCConfigurationList;
			buildConfigurations = (
				B872E6271F29BF91009BD763 /* Debug */,
				B872E6281F29BF91009BD763 /* Release */,
			);
			defaultConfigurationIsVisible = 0;
			defaultConfigurationName = Release;
		};
/* End XCConfigurationList section */
	};
	rootObject = B872E60C1F29BF91009BD763 /* Project object */;
}
